
Microsoft Visual Studio Solution File, Format Version 12.00
# Visual Studio Version 17
VisualStudioVersion = 17.8.34511.84
MinimumVisualStudioVersion = 10.0.40219.1
Project("{9A19103F-16F7-4668-BE54-9A1E7A4F7556}") = "Stock-Management-API", "StockManagementAPI\Stock-Management-API.csproj", "{BB98C7DF-E579-4CD0-8085-575C08039CB8}"
EndProject
Project("{9A19103F-16F7-4668-BE54-9A1E7A4F7556}") = "Stock-Management-Business", "Stock-Management-Business\Stock-Management-Business.csproj", "{FEE91DED-EE0C-4954-BF88-C8E03E8E4683}"
EndProject
Project("{9A19103F-16F7-4668-BE54-9A1E7A4F7556}") = "Stock-Management-DataAccess", "Stock-Management-DataAccess\Stock-Management-DataAccess.csproj", "{6427C9E3-A71C-4DE2-9B62-6C8E17DD12F5}"
EndProject
Global
	GlobalSection(SolutionConfigurationPlatforms) = preSolution
		Debug|Any CPU = Debug|Any CPU
		Release|Any CPU = Release|Any CPU
	EndGlobalSection
	GlobalSection(ProjectConfigurationPlatforms) = postSolution
		{BB98C7DF-E579-4CD0-8085-575C08039CB8}.Debug|Any CPU.ActiveCfg = Debug|Any CPU
		{BB98C7DF-E579-4CD0-8085-575C08039CB8}.Debug|Any CPU.Build.0 = Debug|Any CPU
		{BB98C7DF-E579-4CD0-8085-575C08039CB8}.Release|Any CPU.ActiveCfg = Release|Any CPU
		{BB98C7DF-E579-4CD0-8085-575C08039CB8}.Release|Any CPU.Build.0 = Release|Any CPU
		{FEE91DED-EE0C-4954-BF88-C8E03E8E4683}.Debug|Any CPU.ActiveCfg = Debug|Any CPU
		{FEE91DED-EE0C-4954-BF88-C8E03E8E4683}.Debug|Any CPU.Build.0 = Debug|Any CPU
		{FEE91DED-EE0C-4954-BF88-C8E03E8E4683}.Release|Any CPU.ActiveCfg = Release|Any CPU
		{FEE91DED-EE0C-4954-BF88-C8E03E8E4683}.Release|Any CPU.Build.0 = Release|Any CPU
		{6427C9E3-A71C-4DE2-9B62-6C8E17DD12F5}.Debug|Any CPU.ActiveCfg = Debug|Any CPU
		{6427C9E3-A71C-4DE2-9B62-6C8E17DD12F5}.Debug|Any CPU.Build.0 = Debug|Any CPU
		{6427C9E3-A71C-4DE2-9B62-6C8E17DD12F5}.Release|Any CPU.ActiveCfg = Release|Any CPU
		{6427C9E3-A71C-4DE2-9B62-6C8E17DD12F5}.Release|Any CPU.Build.0 = Release|Any CPU
	EndGlobalSection
	GlobalSection(SolutionProperties) = preSolution
		HideSolutionNode = FALSE
	EndGlobalSection
	GlobalSection(ExtensibilityGlobals) = postSolution
		SolutionGuid = {E9252809-1F90-448C-8A80-00ECFC29B518}
	EndGlobalSection
EndGlobal
